
Microsoft Visual Studio Solution File, Format Version 12.00
# Visual Studio Version 16
VisualStudioVersion = 16.0.36227.6
MinimumVisualStudioVersion = 10.0.40219.1
Project("{FAE04EC0-301F-11D3-BF4B-00C04F79EFBC}") = "TestPro2_GiHubActions-Volume_4", "TestPro2_GiHubActions-Volume_4\TestPro2_GiHubActions-Volume_4.csproj", "{D22027EE-1EA5-47CD-9B44-73049BC43012}"
EndProject
Global
	GlobalSection(SolutionConfigurationPlatforms) = preSolution
		Debug|Any CPU = Debug|Any CPU
		Release|Any CPU = Release|Any CPU
	EndGlobalSection
	GlobalSection(ProjectConfigurationPlatforms) = postSolution
		{D22027EE-1EA5-47CD-9B44-73049BC43012}.Debug|Any CPU.ActiveCfg = Debug|Any CPU
		{D22027EE-1EA5-47CD-9B44-73049BC43012}.Debug|Any CPU.Build.0 = Debug|Any CPU
		{D22027EE-1EA5-47CD-9B44-73049BC43012}.Release|Any CPU.ActiveCfg = Release|Any CPU
		{D22027EE-1EA5-47CD-9B44-73049BC43012}.Release|Any CPU.Build.0 = Release|Any CPU
	EndGlobalSection
	GlobalSection(SolutionProperties) = preSolution
		HideSolutionNode = FALSE
	EndGlobalSection
	GlobalSection(ExtensibilityGlobals) = postSolution
		SolutionGuid = {7871A34E-035B-4F24-8D71-90C4937AD6AD}
	EndGlobalSection
EndGlobal
